// !$*UTF8*$!
{
	archiveVersion = 1;
	classes = {
	};
	objectVersion = 48;
	objects = {

/* Begin PBXBuildFile section */
		347E38D42051B7630075D30D /* AppDelegate.swift in Sources */ = {isa = PBXBuildFile; fileRef = 347E38D32051B7630075D30D /* AppDelegate.swift */; };
		347E38D62051B7630075D30D /* FirstViewController.swift in Sources */ = {isa = PBXBuildFile; fileRef = 347E38D52051B7630075D30D /* FirstViewController.swift */; };
		347E38D82051B7630075D30D /* SecondViewController.swift in Sources */ = {isa = PBXBuildFile; fileRef = 347E38D72051B7630075D30D /* SecondViewController.swift */; };
		347E38DB2051B7630075D30D /* Main.storyboard in Resources */ = {isa = PBXBuildFile; fileRef = 347E38D92051B7630075D30D /* Main.storyboard */; };
		347E38DD2051B7630075D30D /* Assets.xcassets in Resources */ = {isa = PBXBuildFile; fileRef = 347E38DC2051B7630075D30D /* Assets.xcassets */; };
		347E38E02051B7640075D30D /* LaunchScreen.storyboard in Resources */ = {isa = PBXBuildFile; fileRef = 347E38DE2051B7640075D30D /* LaunchScreen.storyboard */; };
		347E38EB2051B7640075D30D /* genderidentifierTests.swift in Sources */ = {isa = PBXBuildFile; fileRef = 347E38EA2051B7640075D30D /* genderidentifierTests.swift */; };
		347E38F62051B7640075D30D /* genderidentifierUITests.swift in Sources */ = {isa = PBXBuildFile; fileRef = 347E38F52051B7640075D30D /* genderidentifierUITests.swift */; };
		34F933FB205968DD00B65DC6 /* celeba.mlmodel in Sources */ = {isa = PBXBuildFile; fileRef = 34F933FA205968DD00B65DC6 /* celeba.mlmodel */; };
/* End PBXBuildFile section */

/* Begin PBXContainerItemProxy section */
		347E38E72051B7640075D30D /* PBXContainerItemProxy */ = {
			isa = PBXContainerItemProxy;
			containerPortal = 347E38C82051B7630075D30D /* Project object */;
			proxyType = 1;
			remoteGlobalIDString = 347E38CF2051B7630075D30D;
			remoteInfo = genderidentifier;
		};
		347E38F22051B7640075D30D /* PBXContainerItemProxy */ = {
			isa = PBXContainerItemProxy;
			containerPortal = 347E38C82051B7630075D30D /* Project object */;
			proxyType = 1;
			remoteGlobalIDString = 347E38CF2051B7630075D30D;
			remoteInfo = genderidentifier;
		};
/* End PBXContainerItemProxy section */

/* Begin PBXFileReference section */
		347E38D02051B7630075D30D /* genderidentifier.app */ = {isa = PBXFileReference; explicitFileType = wrapper.application; includeInIndex = 0; path = genderidentifier.app; sourceTree = BUILT_PRODUCTS_DIR; };
		347E38D32051B7630075D30D /* AppDelegate.swift */ = {isa = PBXFileReference; lastKnownFileType = sourcecode.swift; path = AppDelegate.swift; sourceTree = "<group>"; };
		347E38D52051B7630075D30D /* FirstViewController.swift */ = {isa = PBXFileReference; lastKnownFileType = sourcecode.swift; path = FirstViewController.swift; sourceTree = "<group>"; };
		347E38D72051B7630075D30D /* SecondViewController.swift */ = {isa = PBXFileReference; lastKnownFileType = sourcecode.swift; path = SecondViewController.swift; sourceTree = "<group>"; };
		347E38DA2051B7630075D30D /* Base */ = {isa = PBXFileReference; lastKnownFileType = file.storyboard; name = Base; path = Base.lproj/Main.storyboard; sourceTree = "<group>"; };
		347E38DC2051B7630075D30D /* Assets.xcassets */ = {isa = PBXFileReference; lastKnownFileType = folder.assetcatalog; path = Assets.xcassets; sourceTree = "<group>"; };
		347E38DF2051B7640075D30D /* Base */ = {isa = PBXFileReference; lastKnownFileType = file.storyboard; name = Base; path = Base.lproj/LaunchScreen.storyboard; sourceTree = "<group>"; };
		347E38E12051B7640075D30D /* Info.plist */ = {isa = PBXFileReference; lastKnownFileType = text.plist.xml; path = Info.plist; sourceTree = "<group>"; };
		347E38E62051B7640075D30D /* genderidentifierTests.xctest */ = {isa = PBXFileReference; explicitFileType = wrapper.cfbundle; includeInIndex = 0; path = genderidentifierTests.xctest; sourceTree = BUILT_PRODUCTS_DIR; };
		347E38EA2051B7640075D30D /* genderidentifierTests.swift */ = {isa = PBXFileReference; lastKnownFileType = sourcecode.swift; path = genderidentifierTests.swift; sourceTree = "<group>"; };
		347E38EC2051B7640075D30D /* Info.plist */ = {isa = PBXFileReference; lastKnownFileType = text.plist.xml; path = Info.plist; sourceTree = "<group>"; };
		347E38F12051B7640075D30D /* genderidentifierUITests.xctest */ = {isa = PBXFileReference; explicitFileType = wrapper.cfbundle; includeInIndex = 0; path = genderidentifierUITests.xctest; sourceTree = BUILT_PRODUCTS_DIR; };
		347E38F52051B7640075D30D /* genderidentifierUITests.swift */ = {isa = PBXFileReference; lastKnownFileType = sourcecode.swift; path = genderidentifierUITests.swift; sourceTree = "<group>"; };
		347E38F72051B7640075D30D /* Info.plist */ = {isa = PBXFileReference; lastKnownFileType = text.plist.xml; path = Info.plist; sourceTree = "<group>"; };
		34F933FA205968DD00B65DC6 /* celeba.mlmodel */ = {isa = PBXFileReference; lastKnownFileType = file.mlmodel; path = celeba.mlmodel; sourceTree = SOURCE_ROOT; };
/* End PBXFileReference section */

/* Begin PBXFrameworksBuildPhase section */
		347E38CD2051B7630075D30D /* Frameworks */ = {
			isa = PBXFrameworksBuildPhase;
			buildActionMask = 2147483647;
			files = (
			);
			runOnlyForDeploymentPostprocessing = 0;
		};
		347E38E32051B7640075D30D /* Frameworks */ = {
			isa = PBXFrameworksBuildPhase;
			buildActionMask = 2147483647;
			files = (
			);
			runOnlyForDeploymentPostprocessing = 0;
		};
		347E38EE2051B7640075D30D /* Frameworks */ = {
			isa = PBXFrameworksBuildPhase;
			buildActionMask = 2147483647;
			files = (
			);
			runOnlyForDeploymentPostprocessing = 0;
		};
/* End PBXFrameworksBuildPhase section */

/* Begin PBXGroup section */
		347E38C72051B7630075D30D = {
			isa = PBXGroup;
			children = (
				347E38D22051B7630075D30D /* genderidentifier */,
				347E38E92051B7640075D30D /* genderidentifierTests */,
				347E38F42051B7640075D30D /* genderidentifierUITests */,
				347E38D12051B7630075D30D /* Products */,
			);
			sourceTree = "<group>";
		};
		347E38D12051B7630075D30D /* Products */ = {
			isa = PBXGroup;
			children = (
				347E38D02051B7630075D30D /* genderidentifier.app */,
				347E38E62051B7640075D30D /* genderidentifierTests.xctest */,
				347E38F12051B7640075D30D /* genderidentifierUITests.xctest */,
			);
			name = Products;
			sourceTree = "<group>";
		};
		347E38D22051B7630075D30D /* genderidentifier */ = {
			isa = PBXGroup;
			children = (
				347E38D32051B7630075D30D /* AppDelegate.swift */,
				347E38D52051B7630075D30D /* FirstViewController.swift */,
				347E38D72051B7630075D30D /* SecondViewController.swift */,
				347E38D92051B7630075D30D /* Main.storyboard */,
				34F933FA205968DD00B65DC6 /* celeba.mlmodel */,
				347E38DC2051B7630075D30D /* Assets.xcassets */,
				347E38DE2051B7640075D30D /* LaunchScreen.storyboard */,
				347E38E12051B7640075D30D /* Info.plist */,
			);
			path = genderidentifier;
			sourceTree = "<group>";
		};
		347E38E92051B7640075D30D /* genderidentifierTests */ = {
			isa = PBXGroup;
			children = (
				347E38EA2051B7640075D30D /* genderidentifierTests.swift */,
				347E38EC2051B7640075D30D /* Info.plist */,
			);
			path = genderidentifierTests;
			sourceTree = "<group>";
		};
		347E38F42051B7640075D30D /* genderidentifierUITests */ = {
			isa = PBXGroup;
			children = (
				347E38F52051B7640075D30D /* genderidentifierUITests.swift */,
				347E38F72051B7640075D30D /* Info.plist */,
			);
			path = genderidentifierUITests;
			sourceTree = "<group>";
		};
/* End PBXGroup section */

/* Begin PBXNativeTarget section */
		347E38CF2051B7630075D30D /* genderidentifier */ = {
			isa = PBXNativeTarget;
			buildConfigurationList = 347E38FA2051B7640075D30D /* Build configuration list for PBXNativeTarget "genderidentifier" */;
			buildPhases = (
				347E38CC2051B7630075D30D /* Sources */,
				347E38CD2051B7630075D30D /* Frameworks */,
				347E38CE2051B7630075D30D /* Resources */,
			);
			buildRules = (
			);
			dependencies = (
			);
			name = genderidentifier;
			productName = genderidentifier;
			productReference = 347E38D02051B7630075D30D /* genderidentifier.app */;
			productType = "com.apple.product-type.application";
		};
		347E38E52051B7640075D30D /* genderidentifierTests */ = {
			isa = PBXNativeTarget;
			buildConfigurationList = 347E38FD2051B7640075D30D /* Build configuration list for PBXNativeTarget "genderidentifierTests" */;
			buildPhases = (
				347E38E22051B7640075D30D /* Sources */,
				347E38E32051B7640075D30D /* Frameworks */,
				347E38E42051B7640075D30D /* Resources */,
			);
			buildRules = (
			);
			dependencies = (
				347E38E82051B7640075D30D /* PBXTargetDependency */,
			);
			name = genderidentifierTests;
			productName = genderidentifierTests;
			productReference = 347E38E62051B7640075D30D /* genderidentifierTests.xctest */;
			productType = "com.apple.product-type.bundle.unit-test";
		};
		347E38F02051B7640075D30D /* genderidentifierUITests */ = {
			isa = PBXNativeTarget;
			buildConfigurationList = 347E39002051B7640075D30D /* Build configuration list for PBXNativeTarget "genderidentifierUITests" */;
			buildPhases = (
				347E38ED2051B7640075D30D /* Sources */,
				347E38EE2051B7640075D30D /* Frameworks */,
				347E38EF2051B7640075D30D /* Resources */,
			);
			buildRules = (
			);
			dependencies = (
				347E38F32051B7640075D30D /* PBXTargetDependency */,
			);
			name = genderidentifierUITests;
			productName = genderidentifierUITests;
			productReference = 347E38F12051B7640075D30D /* genderidentifierUITests.xctest */;
			productType = "com.apple.product-type.bundle.ui-testing";
		};
/* End PBXNativeTarget section */

/* Begin PBXProject section */
		347E38C82051B7630075D30D /* Project object */ = {
			isa = PBXProject;
			attributes = {
				LastSwiftUpdateCheck = 0920;
				LastUpgradeCheck = 0920;
				ORGANIZATIONNAME = "Galen Yacalis";
				TargetAttributes = {
					347E38CF2051B7630075D30D = {
						CreatedOnToolsVersion = 9.2;
						ProvisioningStyle = Automatic;
					};
					347E38E52051B7640075D30D = {
						CreatedOnToolsVersion = 9.2;
						ProvisioningStyle = Automatic;
						TestTargetID = 347E38CF2051B7630075D30D;
					};
					347E38F02051B7640075D30D = {
						CreatedOnToolsVersion = 9.2;
						ProvisioningStyle = Automatic;
						TestTargetID = 347E38CF2051B7630075D30D;
					};
				};
			};
			buildConfigurationList = 347E38CB2051B7630075D30D /* Build configuration list for PBXProject "genderidentifier" */;
			compatibilityVersion = "Xcode 8.0";
			developmentRegion = en;
			hasScannedForEncodings = 0;
			knownRegions = (
				en,
				Base,
			);
			mainGroup = 347E38C72051B7630075D30D;
			productRefGroup = 347E38D12051B7630075D30D /* Products */;
			projectDirPath = "";
			projectRoot = "";
			targets = (
				347E38CF2051B7630075D30D /* genderidentifier */,
				347E38E52051B7640075D30D /* genderidentifierTests */,
				347E38F02051B7640075D30D /* genderidentifierUITests */,
			);
		};
/* End PBXProject section */

/* Begin PBXResourcesBuildPhase section */
		347E38CE2051B7630075D30D /* Resources */ = {
			isa = PBXResourcesBuildPhase;
			buildActionMask = 2147483647;
			files = (
				347E38E02051B7640075D30D /* LaunchScreen.storyboard in Resources */,
				347E38DD2051B7630075D30D /* Assets.xcassets in Resources */,
				347E38DB2051B7630075D30D /* Main.storyboard in Resources */,
			);
			runOnlyForDeploymentPostprocessing = 0;
		};
		347E38E42051B7640075D30D /* Resources */ = {
			isa = PBXResourcesBuildPhase;
			buildActionMask = 2147483647;
			files = (
			);
			runOnlyForDeploymentPostprocessing = 0;
		};
		347E38EF2051B7640075D30D /* Resources */ = {
			isa = PBXResourcesBuildPhase;
			buildActionMask = 2147483647;
			files = (
			);
			runOnlyForDeploymentPostprocessing = 0;
		};
/* End PBXResourcesBuildPhase section */

/* Begin PBXSourcesBuildPhase section */
		347E38CC2051B7630075D30D /* Sources */ = {
			isa = PBXSourcesBuildPhase;
			buildActionMask = 2147483647;
			files = (
				347E38D82051B7630075D30D /* SecondViewController.swift in Sources */,
				34F933FB205968DD00B65DC6 /* celeba.mlmodel in Sources */,
				347E38D42051B7630075D30D /* AppDelegate.swift in Sources */,
				347E38D62051B7630075D30D /* FirstViewController.swift in Sources */,
			);
			runOnlyForDeploymentPostprocessing = 0;
		};
		347E38E22051B7640075D30D /* Sources */ = {
			isa = PBXSourcesBuildPhase;
			buildActionMask = 2147483647;
			files = (
				347E38EB2051B7640075D30D /* genderidentifierTests.swift in Sources */,
			);
			runOnlyForDeploymentPostprocessing = 0;
		};
		347E38ED2051B7640075D30D /* Sources */ = {
			isa = PBXSourcesBuildPhase;
			buildActionMask = 2147483647;
			files = (
				347E38F62051B7640075D30D /* genderidentifierUITests.swift in Sources */,
			);
			runOnlyForDeploymentPostprocessing = 0;
		};
/* End PBXSourcesBuildPhase section */

/* Begin PBXTargetDependency section */
		347E38E82051B7640075D30D /* PBXTargetDependency */ = {
			isa = PBXTargetDependency;
			target = 347E38CF2051B7630075D30D /* genderidentifier */;
			targetProxy = 347E38E72051B7640075D30D /* PBXContainerItemProxy */;
		};
		347E38F32051B7640075D30D /* PBXTargetDependency */ = {
			isa = PBXTargetDependency;
			target = 347E38CF2051B7630075D30D /* genderidentifier */;
			targetProxy = 347E38F22051B7640075D30D /* PBXContainerItemProxy */;
		};
/* End PBXTargetDependency section */

/* Begin PBXVariantGroup section */
		347E38D92051B7630075D30D /* Main.storyboard */ = {
			isa = PBXVariantGroup;
			children = (
				347E38DA2051B7630075D30D /* Base */,
			);
			name = Main.storyboard;
			sourceTree = "<group>";
		};
		347E38DE2051B7640075D30D /* LaunchScreen.storyboard */ = {
			isa = PBXVariantGroup;
			children = (
				347E38DF2051B7640075D30D /* Base */,
			);
			name = LaunchScreen.storyboard;
			sourceTree = "<group>";
		};
/* End PBXVariantGroup section */

/* Begin XCBuildConfiguration section */
		347E38F82051B7640075D30D /* Debug */ = {
			isa = XCBuildConfiguration;
			buildSettings = {
				ALWAYS_SEARCH_USER_PATHS = NO;
				CLANG_ANALYZER_NONNULL = YES;
				CLANG_ANALYZER_NUMBER_OBJECT_CONVERSION = YES_AGGRESSIVE;
				CLANG_CXX_LANGUAGE_STANDARD = "gnu++14";
				CLANG_CXX_LIBRARY = "libc++";
				CLANG_ENABLE_MODULES = YES;
				CLANG_ENABLE_OBJC_ARC = YES;
				CLANG_WARN_BLOCK_CAPTURE_AUTORELEASING = YES;
				CLANG_WARN_BOOL_CONVERSION = YES;
				CLANG_WARN_COMMA = YES;
				CLANG_WARN_CONSTANT_CONVERSION = YES;
				CLANG_WARN_DIRECT_OBJC_ISA_USAGE = YES_ERROR;
				CLANG_WARN_DOCUMENTATION_COMMENTS = YES;
				CLANG_WARN_EMPTY_BODY = YES;
				CLANG_WARN_ENUM_CONVERSION = YES;
				CLANG_WARN_INFINITE_RECURSION = YES;
				CLANG_WARN_INT_CONVERSION = YES;
				CLANG_WARN_NON_LITERAL_NULL_CONVERSION = YES;
				CLANG_WARN_OBJC_LITERAL_CONVERSION = YES;
				CLANG_WARN_OBJC_ROOT_CLASS = YES_ERROR;
				CLANG_WARN_RANGE_LOOP_ANALYSIS = YES;
				CLANG_WARN_STRICT_PROTOTYPES = YES;
				CLANG_WARN_SUSPICIOUS_MOVE = YES;
				CLANG_WARN_UNGUARDED_AVAILABILITY = YES_AGGRESSIVE;
				CLANG_WARN_UNREACHABLE_CODE = YES;
				CLANG_WARN__DUPLICATE_METHOD_MATCH = YES;
				CODE_SIGN_IDENTITY = "iPhone Developer";
				COPY_PHASE_STRIP = NO;
				DEBUG_INFORMATION_FORMAT = dwarf;
				ENABLE_STRICT_OBJC_MSGSEND = YES;
				ENABLE_TESTABILITY = YES;
				GCC_C_LANGUAGE_STANDARD = gnu11;
				GCC_DYNAMIC_NO_PIC = NO;
				GCC_NO_COMMON_BLOCKS = YES;
				GCC_OPTIMIZATION_LEVEL = 0;
				GCC_PREPROCESSOR_DEFINITIONS = (
					"DEBUG=1",
					"$(inherited)",
				);
				GCC_WARN_64_TO_32_BIT_CONVERSION = YES;
				GCC_WARN_ABOUT_RETURN_TYPE = YES_ERROR;
				GCC_WARN_UNDECLARED_SELECTOR = YES;
				GCC_WARN_UNINITIALIZED_AUTOS = YES_AGGRESSIVE;
				GCC_WARN_UNUSED_FUNCTION = YES;
				GCC_WARN_UNUSED_VARIABLE = YES;
				IPHONEOS_DEPLOYMENT_TARGET = 11.2;
				MTL_ENABLE_DEBUG_INFO = YES;
				ONLY_ACTIVE_ARCH = YES;
				SDKROOT = iphoneos;
				SWIFT_ACTIVE_COMPILATION_CONDITIONS = DEBUG;
				SWIFT_OPTIMIZATION_LEVEL = "-Onone";
			};
			name = Debug;
		};
		347E38F92051B7640075D30D /* Release */ = {
			isa = XCBuildConfiguration;
			buildSettings = {
				ALWAYS_SEARCH_USER_PATHS = NO;
				CLANG_ANALYZER_NONNULL = YES;
				CLANG_ANALYZER_NUMBER_OBJECT_CONVERSION = YES_AGGRESSIVE;
				CLANG_CXX_LANGUAGE_STANDARD = "gnu++14";
				CLANG_CXX_LIBRARY = "libc++";
				CLANG_ENABLE_MODULES = YES;
				CLANG_ENABLE_OBJC_ARC = YES;
				CLANG_WARN_BLOCK_CAPTURE_AUTORELEASING = YES;
				CLANG_WARN_BOOL_CONVERSION = YES;
				CLANG_WARN_COMMA = YES;
				CLANG_WARN_CONSTANT_CONVERSION = YES;
				CLANG_WARN_DIRECT_OBJC_ISA_USAGE = YES_ERROR;
				CLANG_WARN_DOCUMENTATION_COMMENTS = YES;
				CLANG_WARN_EMPTY_BODY = YES;
				CLANG_WARN_ENUM_CONVERSION = YES;
				CLANG_WARN_INFINITE_RECURSION = YES;
				CLANG_WARN_INT_CONVERSION = YES;
				CLANG_WARN_NON_LITERAL_NULL_CONVERSION = YES;
				CLANG_WARN_OBJC_LITERAL_CONVERSION = YES;
				CLANG_WARN_OBJC_ROOT_CLASS = YES_ERROR;
				CLANG_WARN_RANGE_LOOP_ANALYSIS = YES;
				CLANG_WARN_STRICT_PROTOTYPES = YES;
				CLANG_WARN_SUSPICIOUS_MOVE = YES;
				CLANG_WARN_UNGUARDED_AVAILABILITY = YES_AGGRESSIVE;
				CLANG_WARN_UNREACHABLE_CODE = YES;
				CLANG_WARN__DUPLICATE_METHOD_MATCH = YES;
				CODE_SIGN_IDENTITY = "iPhone Developer";
				COPY_PHASE_STRIP = NO;
				DEBUG_INFORMATION_FORMAT = "dwarf-with-dsym";
				ENABLE_NS_ASSERTIONS = NO;
				ENABLE_STRICT_OBJC_MSGSEND = YES;
				GCC_C_LANGUAGE_STANDARD = gnu11;
				GCC_NO_COMMON_BLOCKS = YES;
				GCC_WARN_64_TO_32_BIT_CONVERSION = YES;
				GCC_WARN_ABOUT_RETURN_TYPE = YES_ERROR;
				GCC_WARN_UNDECLARED_SELECTOR = YES;
				GCC_WARN_UNINITIALIZED_AUTOS = YES_AGGRESSIVE;
				GCC_WARN_UNUSED_FUNCTION = YES;
				GCC_WARN_UNUSED_VARIABLE = YES;
				IPHONEOS_DEPLOYMENT_TARGET = 11.2;
				MTL_ENABLE_DEBUG_INFO = NO;
				SDKROOT = iphoneos;
				SWIFT_OPTIMIZATION_LEVEL = "-Owholemodule";
				VALIDATE_PRODUCT = YES;
			};
			name = Release;
		};
		347E38FB2051B7640075D30D /* Debug */ = {
			isa = XCBuildConfiguration;
			buildSettings = {
				ASSETCATALOG_COMPILER_APPICON_NAME = AppIcon;
				CODE_SIGN_STYLE = Automatic;
				DEVELOPMENT_TEAM = 65D5F22E77;
				INFOPLIST_FILE = genderidentifier/Info.plist;
				LD_RUNPATH_SEARCH_PATHS = "$(inherited) @executable_path/Frameworks";
				PRODUCT_BUNDLE_IDENTIFIER = com.galenyacalis.genderidentifier;
				PRODUCT_NAME = "$(TARGET_NAME)";
				SWIFT_VERSION = 4.0;
				TARGETED_DEVICE_FAMILY = "1,2";
			};
			name = Debug;
		};
		347E38FC2051B7640075D30D /* Release */ = {
			isa = XCBuildConfiguration;
			buildSettings = {
				ASSETCATALOG_COMPILER_APPICON_NAME = AppIcon;
				CODE_SIGN_STYLE = Automatic;
				DEVELOPMENT_TEAM = 65D5F22E77;
				INFOPLIST_FILE = genderidentifier/Info.plist;
				LD_RUNPATH_SEARCH_PATHS = "$(inherited) @executable_path/Frameworks";
				PRODUCT_BUNDLE_IDENTIFIER = com.galenyacalis.genderidentifier;
				PRODUCT_NAME = "$(TARGET_NAME)";
				SWIFT_VERSION = 4.0;
				TARGETED_DEVICE_FAMILY = "1,2";
			};
			name = Release;
		};
		347E38FE2051B7640075D30D /* Debug */ = {
			isa = XCBuildConfiguration;
			buildSettings = {
				ALWAYS_EMBED_SWIFT_STANDARD_LIBRARIES = YES;
				BUNDLE_LOADER = "$(TEST_HOST)";
				CODE_SIGN_STYLE = Automatic;
				DEVELOPMENT_TEAM = 65D5F22E77;
				INFOPLIST_FILE = genderidentifierTests/Info.plist;
				LD_RUNPATH_SEARCH_PATHS = "$(inherited) @executable_path/Frameworks @loader_path/Frameworks";
				PRODUCT_BUNDLE_IDENTIFIER = com.galenyacalis.genderidentifierTests;
				PRODUCT_NAME = "$(TARGET_NAME)";
				SWIFT_VERSION = 4.0;
				TARGETED_DEVICE_FAMILY = "1,2";
				TEST_HOST = "$(BUILT_PRODUCTS_DIR)/genderidentifier.app/genderidentifier";
			};
			name = Debug;
		};
		347E38FF2051B7640075D30D /* Release */ = {
			isa = XCBuildConfiguration;
			buildSettings = {
				ALWAYS_EMBED_SWIFT_STANDARD_LIBRARIES = YES;
				BUNDLE_LOADER = "$(TEST_HOST)";
				CODE_SIGN_STYLE = Automatic;
				DEVELOPMENT_TEAM = 65D5F22E77;
				INFOPLIST_FILE = genderidentifierTests/Info.plist;
				LD_RUNPATH_SEARCH_PATHS = "$(inherited) @executable_path/Frameworks @loader_path/Frameworks";
				PRODUCT_BUNDLE_IDENTIFIER = com.galenyacalis.genderidentifierTests;
				PRODUCT_NAME = "$(TARGET_NAME)";
				SWIFT_VERSION = 4.0;
				TARGETED_DEVICE_FAMILY = "1,2";
				TEST_HOST = "$(BUILT_PRODUCTS_DIR)/genderidentifier.app/genderidentifier";
			};
			name = Release;
		};
		347E39012051B7640075D30D /* Debug */ = {
			isa = XCBuildConfiguration;
			buildSettings = {
				ALWAYS_EMBED_SWIFT_STANDARD_LIBRARIES = YES;
				CODE_SIGN_STYLE = Automatic;
				DEVELOPMENT_TEAM = 65D5F22E77;
				INFOPLIST_FILE = genderidentifierUITests/Info.plist;
				LD_RUNPATH_SEARCH_PATHS = "$(inherited) @executable_path/Frameworks @loader_path/Frameworks";
				PRODUCT_BUNDLE_IDENTIFIER = com.galenyacalis.genderidentifierUITests;
				PRODUCT_NAME = "$(TARGET_NAME)";
				SWIFT_VERSION = 4.0;
				TARGETED_DEVICE_FAMILY = "1,2";
				TEST_TARGET_NAME = genderidentifier;
			};
			name = Debug;
		};
		347E39022051B7640075D30D /* Release */ = {
			isa = XCBuildConfiguration;
			buildSettings = {
				ALWAYS_EMBED_SWIFT_STANDARD_LIBRARIES = YES;
				CODE_SIGN_STYLE = Automatic;
				DEVELOPMENT_TEAM = 65D5F22E77;
				INFOPLIST_FILE = genderidentifierUITests/Info.plist;
				LD_RUNPATH_SEARCH_PATHS = "$(inherited) @executable_path/Frameworks @loader_path/Frameworks";
				PRODUCT_BUNDLE_IDENTIFIER = com.galenyacalis.genderidentifierUITests;
				PRODUCT_NAME = "$(TARGET_NAME)";
				SWIFT_VERSION = 4.0;
				TARGETED_DEVICE_FAMILY = "1,2";
				TEST_TARGET_NAME = genderidentifier;
			};
			name = Release;
		};
/* End XCBuildConfiguration section */

/* Begin XCConfigurationList section */
		347E38CB2051B7630075D30D /* Build configuration list for PBXProject "genderidentifier" */ = {
			isa = XCConfigurationList;
			buildConfigurations = (
				347E38F82051B7640075D30D /* Debug */,
				347E38F92051B7640075D30D /* Release */,
			);
			defaultConfigurationIsVisible = 0;
			defaultConfigurationName = Release;
		};
		347E38FA2051B7640075D30D /* Build configuration list for PBXNativeTarget "genderidentifier" */ = {
			isa = XCConfigurationList;
			buildConfigurations = (
				347E38FB2051B7640075D30D /* Debug */,
				347E38FC2051B7640075D30D /* Release */,
			);
			defaultConfigurationIsVisible = 0;
			defaultConfigurationName = Release;
		};
		347E38FD2051B7640075D30D /* Build configuration list for PBXNativeTarget "genderidentifierTests" */ = {
			isa = XCConfigurationList;
			buildConfigurations = (
				347E38FE2051B7640075D30D /* Debug */,
				347E38FF2051B7640075D30D /* Release */,
			);
			defaultConfigurationIsVisible = 0;
			defaultConfigurationName = Release;
		};
		347E39002051B7640075D30D /* Build configuration list for PBXNativeTarget "genderidentifierUITests" */ = {
			isa = XCConfigurationList;
			buildConfigurations = (
				347E39012051B7640075D30D /* Debug */,
				347E39022051B7640075D30D /* Release */,
			);
			defaultConfigurationIsVisible = 0;
			defaultConfigurationName = Release;
		};
/* End XCConfigurationList section */
	};
	rootObject = 347E38C82051B7630075D30D /* Project object */;
}
